// !$*UTF8*$!
{
	archiveVersion = 1;
	classes = {
	};
	objectVersion = 46;
	objects = {

/* Begin PBXBuildFile section */
		981301F617891472002BA863 /* NSMutableArray+rubyish.h in Headers */ = {isa = PBXBuildFile; fileRef = 981301F417891472002BA863 /* NSMutableArray+rubyish.h */; };
		981301F717891472002BA863 /* NSMutableArray+rubyish.m in Sources */ = {isa = PBXBuildFile; fileRef = 981301F517891472002BA863 /* NSMutableArray+rubyish.m */; };
		981301F817891472002BA863 /* NSMutableArray+rubyish.m in Sources */ = {isa = PBXBuildFile; fileRef = 981301F517891472002BA863 /* NSMutableArray+rubyish.m */; };
		981301F917891472002BA863 /* NSMutableArray+rubyish.m in Sources */ = {isa = PBXBuildFile; fileRef = 981301F517891472002BA863 /* NSMutableArray+rubyish.m */; };
		981301FE178914BE002BA863 /* NSMutableArray_rubyish_SharedTests.m in Sources */ = {isa = PBXBuildFile; fileRef = 981301FA1789149E002BA863 /* NSMutableArray_rubyish_SharedTests.m */; };
		981301FF178914BF002BA863 /* NSMutableArray_rubyish_SharedTests.m in Sources */ = {isa = PBXBuildFile; fileRef = 981301FA1789149E002BA863 /* NSMutableArray_rubyish_SharedTests.m */; };
		98130200178914C1002BA863 /* NSMutableArray_rubyish_SharedTests.m in Sources */ = {isa = PBXBuildFile; fileRef = 981301FA1789149E002BA863 /* NSMutableArray_rubyish_SharedTests.m */; };
		98130205178B3C2F002BA863 /* NSString_rubyish_SharedTests.m in Sources */ = {isa = PBXBuildFile; fileRef = 98130204178B3C2F002BA863 /* NSString_rubyish_SharedTests.m */; };
		98130206178B3C42002BA863 /* NSString_rubyish_SharedTests.m in Sources */ = {isa = PBXBuildFile; fileRef = 98130204178B3C2F002BA863 /* NSString_rubyish_SharedTests.m */; };
		98130207178B3C42002BA863 /* NSString_rubyish_SharedTests.m in Sources */ = {isa = PBXBuildFile; fileRef = 98130204178B3C2F002BA863 /* NSString_rubyish_SharedTests.m */; };
		9813020A178B7A9D002BA863 /* NSString+rubyish.h in Headers */ = {isa = PBXBuildFile; fileRef = 98130208178B7A9D002BA863 /* NSString+rubyish.h */; };
		9813020B178B7A9D002BA863 /* NSString+rubyish.m in Sources */ = {isa = PBXBuildFile; fileRef = 98130209178B7A9D002BA863 /* NSString+rubyish.m */; };
		9813020C178B7A9D002BA863 /* NSString+rubyish.m in Sources */ = {isa = PBXBuildFile; fileRef = 98130209178B7A9D002BA863 /* NSString+rubyish.m */; };
		9813020D178B7A9D002BA863 /* NSString+rubyish.m in Sources */ = {isa = PBXBuildFile; fileRef = 98130209178B7A9D002BA863 /* NSString+rubyish.m */; };
		981C62F516FCD858004E9A93 /* Foundation.framework in Frameworks */ = {isa = PBXBuildFile; fileRef = 981C627216FCD04F004E9A93 /* Foundation.framework */; };
		981C630316FCD859004E9A93 /* SenTestingKit.framework in Frameworks */ = {isa = PBXBuildFile; fileRef = 981C628116FCD04F004E9A93 /* SenTestingKit.framework */; };
		981C630416FCD859004E9A93 /* UIKit.framework in Frameworks */ = {isa = PBXBuildFile; fileRef = 981C628316FCD04F004E9A93 /* UIKit.framework */; };
		981C630516FCD859004E9A93 /* Foundation.framework in Frameworks */ = {isa = PBXBuildFile; fileRef = 981C627216FCD04F004E9A93 /* Foundation.framework */; };
		981C630816FCD859004E9A93 /* libConventionalC-iOS.a in Frameworks */ = {isa = PBXBuildFile; fileRef = 981C62F416FCD858004E9A93 /* libConventionalC-iOS.a */; };
		9852F85917067BF2007823DD /* ConventionalC.m in Sources */ = {isa = PBXBuildFile; fileRef = 9852F84817067BF2007823DD /* ConventionalC.m */; };
		9852F85A17067BF2007823DD /* UIBarButtonItem+ConventionalC.m in Sources */ = {isa = PBXBuildFile; fileRef = 9852F85217067BF2007823DD /* UIBarButtonItem+ConventionalC.m */; };
		9852F85B17067BF2007823DD /* UIDevice+ConventionalC.m in Sources */ = {isa = PBXBuildFile; fileRef = 9852F85417067BF2007823DD /* UIDevice+ConventionalC.m */; };
		9852F85C17067BF2007823DD /* UIToolbar+ConventionalC.m in Sources */ = {isa = PBXBuildFile; fileRef = 9852F85617067BF2007823DD /* UIToolbar+ConventionalC.m */; };
		9852F85D17067BF2007823DD /* UIView+ConventionalC.m in Sources */ = {isa = PBXBuildFile; fileRef = 9852F85817067BF2007823DD /* UIView+ConventionalC.m */; };
		9852F85E17067C2D007823DD /* InfoPlist.strings in Resources */ = {isa = PBXBuildFile; fileRef = 9852F84F17067BF2007823DD /* InfoPlist.strings */; };
		9852F87917068502007823DD /* ConventionalC_Shared.m in Sources */ = {isa = PBXBuildFile; fileRef = 9852F86B17068502007823DD /* ConventionalC_Shared.m */; };
		9852F87A17068502007823DD /* ConventionalC_Shared.m in Sources */ = {isa = PBXBuildFile; fileRef = 9852F86B17068502007823DD /* ConventionalC_Shared.m */; };
		9852F87B17068502007823DD /* NSArray+ConventionalC.m in Sources */ = {isa = PBXBuildFile; fileRef = 9852F86D17068502007823DD /* NSArray+ConventionalC.m */; };
		9852F87C17068502007823DD /* NSArray+ConventionalC.m in Sources */ = {isa = PBXBuildFile; fileRef = 9852F86D17068502007823DD /* NSArray+ConventionalC.m */; };
		9852F87D17068502007823DD /* NSBundle+ConventionalC.m in Sources */ = {isa = PBXBuildFile; fileRef = 9852F86F17068502007823DD /* NSBundle+ConventionalC.m */; };
		9852F87E17068502007823DD /* NSBundle+ConventionalC.m in Sources */ = {isa = PBXBuildFile; fileRef = 9852F86F17068502007823DD /* NSBundle+ConventionalC.m */; };
		9852F87F17068502007823DD /* NSDate+ConventionalC.m in Sources */ = {isa = PBXBuildFile; fileRef = 9852F87117068502007823DD /* NSDate+ConventionalC.m */; };
		9852F88017068502007823DD /* NSDate+ConventionalC.m in Sources */ = {isa = PBXBuildFile; fileRef = 9852F87117068502007823DD /* NSDate+ConventionalC.m */; };
		9852F89E170686AE007823DD /* ConventionalC-SharedTests-Info.plist in Resources */ = {isa = PBXBuildFile; fileRef = 9852F898170686AE007823DD /* ConventionalC-SharedTests-Info.plist */; };
		9852F8A1170686AE007823DD /* InfoPlist.strings in Resources */ = {isa = PBXBuildFile; fileRef = 9852F899170686AE007823DD /* InfoPlist.strings */; };
		9852F8A3170686AE007823DD /* InfoPlist.strings in Resources */ = {isa = PBXBuildFile; fileRef = 9852F899170686AE007823DD /* InfoPlist.strings */; };
		9852F8A4170686AE007823DD /* NSArray_ConventionalC_SharedTests.m in Sources */ = {isa = PBXBuildFile; fileRef = 9852F89B170686AE007823DD /* NSArray_ConventionalC_SharedTests.m */; };
		9852F8A6170686AE007823DD /* NSArray_ConventionalC_SharedTests.m in Sources */ = {isa = PBXBuildFile; fileRef = 9852F89B170686AE007823DD /* NSArray_ConventionalC_SharedTests.m */; };
		9852F8A7170686AE007823DD /* NSBundle_ConventionalC_SharedTests.m in Sources */ = {isa = PBXBuildFile; fileRef = 9852F89C170686AE007823DD /* NSBundle_ConventionalC_SharedTests.m */; };
		9852F8A9170686AE007823DD /* NSBundle_ConventionalC_SharedTests.m in Sources */ = {isa = PBXBuildFile; fileRef = 9852F89C170686AE007823DD /* NSBundle_ConventionalC_SharedTests.m */; };
		9852F8AA170686AE007823DD /* NSDate_ConventionalC_SharedTests.m in Sources */ = {isa = PBXBuildFile; fileRef = 9852F89D170686AE007823DD /* NSDate_ConventionalC_SharedTests.m */; };
		9852F8AC170686AE007823DD /* NSDate_ConventionalC_SharedTests.m in Sources */ = {isa = PBXBuildFile; fileRef = 9852F89D170686AE007823DD /* NSDate_ConventionalC_SharedTests.m */; };
		9852F8DB1707928E007823DD /* Cocoa.framework in Frameworks */ = {isa = PBXBuildFile; fileRef = 981C62CA16FCD84A004E9A93 /* Cocoa.framework */; };
		9852F8E81707928E007823DD /* SenTestingKit.framework in Frameworks */ = {isa = PBXBuildFile; fileRef = 981C628116FCD04F004E9A93 /* SenTestingKit.framework */; };
		9852F90A1707940E007823DD /* ConventionalC.h in Headers */ = {isa = PBXBuildFile; fileRef = 9852F8FF1707940E007823DD /* ConventionalC.h */; };
		9852F90B1707940E007823DD /* ConventionalC.m in Sources */ = {isa = PBXBuildFile; fileRef = 9852F9001707940E007823DD /* ConventionalC.m */; };
		9852F91317079478007823DD /* InfoPlist.strings in Resources */ = {isa = PBXBuildFile; fileRef = 9852F91017079478007823DD /* InfoPlist.strings */; };
		9852F9151707952F007823DD /* ConventionalC_Shared.m in Sources */ = {isa = PBXBuildFile; fileRef = 9852F86B17068502007823DD /* ConventionalC_Shared.m */; };
		9852F91617079532007823DD /* NSArray+ConventionalC.m in Sources */ = {isa = PBXBuildFile; fileRef = 9852F86D17068502007823DD /* NSArray+ConventionalC.m */; };
		9852F91717079534007823DD /* NSBundle+ConventionalC.m in Sources */ = {isa = PBXBuildFile; fileRef = 9852F86F17068502007823DD /* NSBundle+ConventionalC.m */; };
		9852F91817079537007823DD /* NSDate+ConventionalC.m in Sources */ = {isa = PBXBuildFile; fileRef = 9852F87117068502007823DD /* NSDate+ConventionalC.m */; };
		9852F9191707953E007823DD /* NSArray_ConventionalC_SharedTests.m in Sources */ = {isa = PBXBuildFile; fileRef = 9852F89B170686AE007823DD /* NSArray_ConventionalC_SharedTests.m */; };
		9852F91A17079542007823DD /* NSBundle_ConventionalC_SharedTests.m in Sources */ = {isa = PBXBuildFile; fileRef = 9852F89C170686AE007823DD /* NSBundle_ConventionalC_SharedTests.m */; };
		9852F91B17079545007823DD /* NSDate_ConventionalC_SharedTests.m in Sources */ = {isa = PBXBuildFile; fileRef = 9852F89D170686AE007823DD /* NSDate_ConventionalC_SharedTests.m */; };
		9852F91F1707D0CB007823DD /* Cocoa.framework in Frameworks */ = {isa = PBXBuildFile; fileRef = 9852F91E1707D0CB007823DD /* Cocoa.framework */; };
		9852F9221707D24F007823DD /* libConventionalC-Mac.a in Frameworks */ = {isa = PBXBuildFile; fileRef = 9852F8DA1707928E007823DD /* libConventionalC-Mac.a */; };
		986BB0321703E34A00248441 /* Foundation.framework in Frameworks */ = {isa = PBXBuildFile; fileRef = 981C627216FCD04F004E9A93 /* Foundation.framework */; };
		986BB0401703E34A00248441 /* SenTestingKit.framework in Frameworks */ = {isa = PBXBuildFile; fileRef = 981C628116FCD04F004E9A93 /* SenTestingKit.framework */; };
		986BB0411703E34A00248441 /* UIKit.framework in Frameworks */ = {isa = PBXBuildFile; fileRef = 981C628316FCD04F004E9A93 /* UIKit.framework */; };
		986BB0421703E34A00248441 /* Foundation.framework in Frameworks */ = {isa = PBXBuildFile; fileRef = 981C627216FCD04F004E9A93 /* Foundation.framework */; };
		986BB0451703E34A00248441 /* libConventionalC-Shared.a in Frameworks */ = {isa = PBXBuildFile; fileRef = 986BB0311703E34A00248441 /* libConventionalC-Shared.a */; };
		98FA879E175A4D73009B03C2 /* NSObject+ConventionalC.h in Headers */ = {isa = PBXBuildFile; fileRef = 98FA879C175A4D73009B03C2 /* NSObject+ConventionalC.h */; };
		98FA879F175A4D73009B03C2 /* NSObject+ConventionalC.m in Sources */ = {isa = PBXBuildFile; fileRef = 98FA879D175A4D73009B03C2 /* NSObject+ConventionalC.m */; };
		98FA87A0175A4D73009B03C2 /* NSObject+ConventionalC.m in Sources */ = {isa = PBXBuildFile; fileRef = 98FA879D175A4D73009B03C2 /* NSObject+ConventionalC.m */; };
		98FA87A1175A4D73009B03C2 /* NSObject+ConventionalC.m in Sources */ = {isa = PBXBuildFile; fileRef = 98FA879D175A4D73009B03C2 /* NSObject+ConventionalC.m */; };
		98FA87A7175A5265009B03C2 /* NSObject_ConventionalC_SharedTests.m in Sources */ = {isa = PBXBuildFile; fileRef = 98FA87A6175A5265009B03C2 /* NSObject_ConventionalC_SharedTests.m */; };
		98FA87A8175A5265009B03C2 /* NSObject_ConventionalC_SharedTests.m in Sources */ = {isa = PBXBuildFile; fileRef = 98FA87A6175A5265009B03C2 /* NSObject_ConventionalC_SharedTests.m */; };
		98FA87A9175A5265009B03C2 /* NSObject_ConventionalC_SharedTests.m in Sources */ = {isa = PBXBuildFile; fileRef = 98FA87A6175A5265009B03C2 /* NSObject_ConventionalC_SharedTests.m */; };
		98FFE36A175BF7C4005985FF /* NSArray+rubyish.h in Headers */ = {isa = PBXBuildFile; fileRef = 98FFE362175BF7C4005985FF /* NSArray+rubyish.h */; };
		98FFE36B175BF7C4005985FF /* NSArray+rubyish.m in Sources */ = {isa = PBXBuildFile; fileRef = 98FFE363175BF7C4005985FF /* NSArray+rubyish.m */; };
		98FFE36C175BF7C4005985FF /* NSArray+rubyish.m in Sources */ = {isa = PBXBuildFile; fileRef = 98FFE363175BF7C4005985FF /* NSArray+rubyish.m */; };
		98FFE36D175BF7C4005985FF /* NSArray+rubyish.m in Sources */ = {isa = PBXBuildFile; fileRef = 98FFE363175BF7C4005985FF /* NSArray+rubyish.m */; };
		98FFE36F175BF7C4005985FF /* NSSet+rubyish.m in Sources */ = {isa = PBXBuildFile; fileRef = 98FFE365175BF7C4005985FF /* NSSet+rubyish.m */; };
		98FFE370175BF7C4005985FF /* NSSet+rubyish.m in Sources */ = {isa = PBXBuildFile; fileRef = 98FFE365175BF7C4005985FF /* NSSet+rubyish.m */; };
		98FFE371175BF7C4005985FF /* NSSet+rubyish.m in Sources */ = {isa = PBXBuildFile; fileRef = 98FFE365175BF7C4005985FF /* NSSet+rubyish.m */; };
		98FFE37E175BF80E005985FF /* NSArray_rubyish_SharedTests.m in Sources */ = {isa = PBXBuildFile; fileRef = 98FFE37B175BF80E005985FF /* NSArray_rubyish_SharedTests.m */; };
		98FFE37F175BF80E005985FF /* NSArray_rubyish_SharedTests.m in Sources */ = {isa = PBXBuildFile; fileRef = 98FFE37B175BF80E005985FF /* NSArray_rubyish_SharedTests.m */; };
		98FFE380175BF80E005985FF /* NSArray_rubyish_SharedTests.m in Sources */ = {isa = PBXBuildFile; fileRef = 98FFE37B175BF80E005985FF /* NSArray_rubyish_SharedTests.m */; };
		98FFE381175BF80E005985FF /* NSSet_rubyish_SharedTests.m in Sources */ = {isa = PBXBuildFile; fileRef = 98FFE37D175BF80E005985FF /* NSSet_rubyish_SharedTests.m */; };
		98FFE382175BF80E005985FF /* NSSet_rubyish_SharedTests.m in Sources */ = {isa = PBXBuildFile; fileRef = 98FFE37D175BF80E005985FF /* NSSet_rubyish_SharedTests.m */; };
		98FFE383175BF80E005985FF /* NSSet_rubyish_SharedTests.m in Sources */ = {isa = PBXBuildFile; fileRef = 98FFE37D175BF80E005985FF /* NSSet_rubyish_SharedTests.m */; };
		98FFE384175BFAD1005985FF /* NSSet+rubyish.h in Headers */ = {isa = PBXBuildFile; fileRef = 98FFE364175BF7C4005985FF /* NSSet+rubyish.h */; };
/* End PBXBuildFile section */

/* Begin PBXContainerItemProxy section */
		981C630616FCD859004E9A93 /* PBXContainerItemProxy */ = {
			isa = PBXContainerItemProxy;
			containerPortal = 981C626716FCD04F004E9A93 /* Project object */;
			proxyType = 1;
			remoteGlobalIDString = 981C62F316FCD858004E9A93;
			remoteInfo = "ConventionalC-iOS";
		};
		9852F91C1707D0BD007823DD /* PBXContainerItemProxy */ = {
			isa = PBXContainerItemProxy;
			containerPortal = 981C626716FCD04F004E9A93 /* Project object */;
			proxyType = 1;
			remoteGlobalIDString = 9852F8D91707928E007823DD;
			remoteInfo = "ConventionalC-Mac";
		};
		986BB0431703E34A00248441 /* PBXContainerItemProxy */ = {
			isa = PBXContainerItemProxy;
			containerPortal = 981C626716FCD04F004E9A93 /* Project object */;
			proxyType = 1;
			remoteGlobalIDString = 986BB0301703E34A00248441;
			remoteInfo = "ConventionalC-Shared";
		};
/* End PBXContainerItemProxy section */

/* Begin PBXCopyFilesBuildPhase section */
		981C62F216FCD858004E9A93 /* CopyFiles */ = {
			isa = PBXCopyFilesBuildPhase;
			buildActionMask = 2147483647;
			dstPath = "include/${PRODUCT_NAME}";
			dstSubfolderSpec = 16;
			files = (
			);
			runOnlyForDeploymentPostprocessing = 0;
		};
		986BB02F1703E34A00248441 /* CopyFiles */ = {
			isa = PBXCopyFilesBuildPhase;
			buildActionMask = 2147483647;
			dstPath = "include/${PRODUCT_NAME}";
			dstSubfolderSpec = 16;
			files = (
			);
			runOnlyForDeploymentPostprocessing = 0;
		};
/* End PBXCopyFilesBuildPhase section */

/* Begin PBXFileReference section */
		981301F417891472002BA863 /* NSMutableArray+rubyish.h */ = {isa = PBXFileReference; fileEncoding = 4; lastKnownFileType = sourcecode.c.h; path = "NSMutableArray+rubyish.h"; sourceTree = "<group>"; };
		981301F517891472002BA863 /* NSMutableArray+rubyish.m */ = {isa = PBXFileReference; fileEncoding = 4; lastKnownFileType = sourcecode.c.objc; path = "NSMutableArray+rubyish.m"; sourceTree = "<group>"; };
		981301FA1789149E002BA863 /* NSMutableArray_rubyish_SharedTests.m */ = {isa = PBXFileReference; fileEncoding = 4; lastKnownFileType = sourcecode.c.objc; path = NSMutableArray_rubyish_SharedTests.m; sourceTree = "<group>"; };
		98130204178B3C2F002BA863 /* NSString_rubyish_SharedTests.m */ = {isa = PBXFileReference; fileEncoding = 4; lastKnownFileType = sourcecode.c.objc; path = NSString_rubyish_SharedTests.m; sourceTree = "<group>"; };
		98130208178B7A9D002BA863 /* NSString+rubyish.h */ = {isa = PBXFileReference; fileEncoding = 4; lastKnownFileType = sourcecode.c.h; path = "NSString+rubyish.h"; sourceTree = "<group>"; };
		98130209178B7A9D002BA863 /* NSString+rubyish.m */ = {isa = PBXFileReference; fileEncoding = 4; lastKnownFileType = sourcecode.c.objc; path = "NSString+rubyish.m"; sourceTree = "<group>"; };
		981C627216FCD04F004E9A93 /* Foundation.framework */ = {isa = PBXFileReference; lastKnownFileType = wrapper.framework; name = Foundation.framework; path = System/Library/Frameworks/Foundation.framework; sourceTree = SDKROOT; };
		981C628116FCD04F004E9A93 /* SenTestingKit.framework */ = {isa = PBXFileReference; lastKnownFileType = wrapper.framework; name = SenTestingKit.framework; path = Library/Frameworks/SenTestingKit.framework; sourceTree = DEVELOPER_DIR; };
		981C628316FCD04F004E9A93 /* UIKit.framework */ = {isa = PBXFileReference; lastKnownFileType = wrapper.framework; name = UIKit.framework; path = Library/Frameworks/UIKit.framework; sourceTree = DEVELOPER_DIR; };
		981C62CA16FCD84A004E9A93 /* Cocoa.framework */ = {isa = PBXFileReference; lastKnownFileType = wrapper.framework; name = Cocoa.framework; path = Library/Frameworks/Cocoa.framework; sourceTree = DEVELOPER_DIR; };
		981C62CD16FCD84A004E9A93 /* AppKit.framework */ = {isa = PBXFileReference; lastKnownFileType = wrapper.framework; name = AppKit.framework; path = Library/Frameworks/AppKit.framework; sourceTree = SDKROOT; };
		981C62CE16FCD84A004E9A93 /* CoreData.framework */ = {isa = PBXFileReference; lastKnownFileType = wrapper.framework; name = CoreData.framework; path = Library/Frameworks/CoreData.framework; sourceTree = SDKROOT; };
		981C62CF16FCD84A004E9A93 /* Foundation.framework */ = {isa = PBXFileReference; lastKnownFileType = wrapper.framework; name = Foundation.framework; path = Library/Frameworks/Foundation.framework; sourceTree = SDKROOT; };
		981C62F416FCD858004E9A93 /* libConventionalC-iOS.a */ = {isa = PBXFileReference; explicitFileType = archive.ar; includeInIndex = 0; path = "libConventionalC-iOS.a"; sourceTree = BUILT_PRODUCTS_DIR; };
		981C630216FCD858004E9A93 /* ConventionalC-iOSTests.octest */ = {isa = PBXFileReference; explicitFileType = wrapper.cfbundle; includeInIndex = 0; path = "ConventionalC-iOSTests.octest"; sourceTree = BUILT_PRODUCTS_DIR; };
		9852F84717067BF2007823DD /* ConventionalC.h */ = {isa = PBXFileReference; fileEncoding = 4; lastKnownFileType = sourcecode.c.h; path = ConventionalC.h; sourceTree = "<group>"; };
		9852F84817067BF2007823DD /* ConventionalC.m */ = {isa = PBXFileReference; fileEncoding = 4; lastKnownFileType = sourcecode.c.objc; path = ConventionalC.m; sourceTree = "<group>"; };
		9852F84E17067BF2007823DD /* ConventionalC-iOSTests-Info.plist */ = {isa = PBXFileReference; fileEncoding = 4; lastKnownFileType = text.plist.xml; path = "ConventionalC-iOSTests-Info.plist"; sourceTree = "<group>"; };
		9852F85017067BF2007823DD /* en */ = {isa = PBXFileReference; lastKnownFileType = text.plist.strings; name = en; path = en.lproj/InfoPlist.strings; sourceTree = "<group>"; };
		9852F85117067BF2007823DD /* UIBarButtonItem+ConventionalC.h */ = {isa = PBXFileReference; fileEncoding = 4; lastKnownFileType = sourcecode.c.h; path = "UIBarButtonItem+ConventionalC.h"; sourceTree = "<group>"; };
		9852F85217067BF2007823DD /* UIBarButtonItem+ConventionalC.m */ = {isa = PBXFileReference; fileEncoding = 4; lastKnownFileType = sourcecode.c.objc; path = "UIBarButtonItem+ConventionalC.m"; sourceTree = "<group>"; };
		9852F85317067BF2007823DD /* UIDevice+ConventionalC.h */ = {isa = PBXFileReference; fileEncoding = 4; lastKnownFileType = sourcecode.c.h; path = "UIDevice+ConventionalC.h"; sourceTree = "<group>"; };
		9852F85417067BF2007823DD /* UIDevice+ConventionalC.m */ = {isa = PBXFileReference; fileEncoding = 4; lastKnownFileType = sourcecode.c.objc; path = "UIDevice+ConventionalC.m"; sourceTree = "<group>"; };
		9852F85517067BF2007823DD /* UIToolbar+ConventionalC.h */ = {isa = PBXFileReference; fileEncoding = 4; lastKnownFileType = sourcecode.c.h; path = "UIToolbar+ConventionalC.h"; sourceTree = "<group>"; };
		9852F85617067BF2007823DD /* UIToolbar+ConventionalC.m */ = {isa = PBXFileReference; fileEncoding = 4; lastKnownFileType = sourcecode.c.objc; path = "UIToolbar+ConventionalC.m"; sourceTree = "<group>"; };
		9852F85717067BF2007823DD /* UIView+ConventionalC.h */ = {isa = PBXFileReference; fileEncoding = 4; lastKnownFileType = sourcecode.c.h; path = "UIView+ConventionalC.h"; sourceTree = "<group>"; };
		9852F85817067BF2007823DD /* UIView+ConventionalC.m */ = {isa = PBXFileReference; fileEncoding = 4; lastKnownFileType = sourcecode.c.objc; path = "UIView+ConventionalC.m"; sourceTree = "<group>"; };
		9852F86A17068502007823DD /* ConventionalC_Shared.h */ = {isa = PBXFileReference; fileEncoding = 4; lastKnownFileType = sourcecode.c.h; path = ConventionalC_Shared.h; sourceTree = "<group>"; };
		9852F86B17068502007823DD /* ConventionalC_Shared.m */ = {isa = PBXFileReference; fileEncoding = 4; lastKnownFileType = sourcecode.c.objc; path = ConventionalC_Shared.m; sourceTree = "<group>"; };
		9852F86C17068502007823DD /* NSArray+ConventionalC.h */ = {isa = PBXFileReference; fileEncoding = 4; lastKnownFileType = sourcecode.c.h; path = "NSArray+ConventionalC.h"; sourceTree = "<group>"; };
		9852F86D17068502007823DD /* NSArray+ConventionalC.m */ = {isa = PBXFileReference; fileEncoding = 4; lastKnownFileType = sourcecode.c.objc; path = "NSArray+ConventionalC.m"; sourceTree = "<group>"; };
		9852F86E17068502007823DD /* NSBundle+ConventionalC.h */ = {isa = PBXFileReference; fileEncoding = 4; lastKnownFileType = sourcecode.c.h; path = "NSBundle+ConventionalC.h"; sourceTree = "<group>"; };
		9852F86F17068502007823DD /* NSBundle+ConventionalC.m */ = {isa = PBXFileReference; fileEncoding = 4; lastKnownFileType = sourcecode.c.objc; path = "NSBundle+ConventionalC.m"; sourceTree = "<group>"; };
		9852F87017068502007823DD /* NSDate+ConventionalC.h */ = {isa = PBXFileReference; fileEncoding = 4; lastKnownFileType = sourcecode.c.h; path = "NSDate+ConventionalC.h"; sourceTree = "<group>"; };
		9852F87117068502007823DD /* NSDate+ConventionalC.m */ = {isa = PBXFileReference; fileEncoding = 4; lastKnownFileType = sourcecode.c.objc; path = "NSDate+ConventionalC.m"; sourceTree = "<group>"; };
		9852F898170686AE007823DD /* ConventionalC-SharedTests-Info.plist */ = {isa = PBXFileReference; fileEncoding = 4; lastKnownFileType = text.plist.xml; path = "ConventionalC-SharedTests-Info.plist"; sourceTree = "<group>"; };
		9852F89A170686AE007823DD /* en */ = {isa = PBXFileReference; lastKnownFileType = text.plist.strings; name = en; path = en.lproj/InfoPlist.strings; sourceTree = "<group>"; };
		9852F89B170686AE007823DD /* NSArray_ConventionalC_SharedTests.m */ = {isa = PBXFileReference; fileEncoding = 4; lastKnownFileType = sourcecode.c.objc; path = NSArray_ConventionalC_SharedTests.m; sourceTree = "<group>"; };
		9852F89C170686AE007823DD /* NSBundle_ConventionalC_SharedTests.m */ = {isa = PBXFileReference; fileEncoding = 4; lastKnownFileType = sourcecode.c.objc; path = NSBundle_ConventionalC_SharedTests.m; sourceTree = "<group>"; };
		9852F89D170686AE007823DD /* NSDate_ConventionalC_SharedTests.m */ = {isa = PBXFileReference; fileEncoding = 4; lastKnownFileType = sourcecode.c.objc; path = NSDate_ConventionalC_SharedTests.m; sourceTree = "<group>"; };
		9852F8DA1707928E007823DD /* libConventionalC-Mac.a */ = {isa = PBXFileReference; explicitFileType = archive.ar; includeInIndex = 0; path = "libConventionalC-Mac.a"; sourceTree = BUILT_PRODUCTS_DIR; };
		9852F8E71707928E007823DD /* ConventionalC-MacTests.octest */ = {isa = PBXFileReference; explicitFileType = wrapper.cfbundle; includeInIndex = 0; path = "ConventionalC-MacTests.octest"; sourceTree = BUILT_PRODUCTS_DIR; };
		9852F8FF1707940E007823DD /* ConventionalC.h */ = {isa = PBXFileReference; fileEncoding = 4; lastKnownFileType = sourcecode.c.h; path = ConventionalC.h; sourceTree = "<group>"; };
		9852F9001707940E007823DD /* ConventionalC.m */ = {isa = PBXFileReference; fileEncoding = 4; lastKnownFileType = sourcecode.c.objc; path = ConventionalC.m; sourceTree = "<group>"; };
		9852F90F17079478007823DD /* ConventionalC-MacTests-Info.plist */ = {isa = PBXFileReference; fileEncoding = 4; lastKnownFileType = text.plist.xml; path = "ConventionalC-MacTests-Info.plist"; sourceTree = "<group>"; };
		9852F91117079478007823DD /* en */ = {isa = PBXFileReference; lastKnownFileType = text.plist.strings; name = en; path = en.lproj/InfoPlist.strings; sourceTree = "<group>"; };
		9852F91E1707D0CB007823DD /* Cocoa.framework */ = {isa = PBXFileReference; lastKnownFileType = wrapper.framework; name = Cocoa.framework; path = Platforms/MacOSX.platform/Developer/SDKs/MacOSX10.8.sdk/System/Library/Frameworks/Cocoa.framework; sourceTree = DEVELOPER_DIR; };
		986BB025170241A100248441 /* ConventionalC.podspec */ = {isa = PBXFileReference; lastKnownFileType = text; path = ConventionalC.podspec; sourceTree = "<group>"; };
		986BB0311703E34A00248441 /* libConventionalC-Shared.a */ = {isa = PBXFileReference; explicitFileType = archive.ar; includeInIndex = 0; path = "libConventionalC-Shared.a"; sourceTree = BUILT_PRODUCTS_DIR; };
		986BB03F1703E34A00248441 /* ConventionalC-SharedTests.octest */ = {isa = PBXFileReference; explicitFileType = wrapper.cfbundle; includeInIndex = 0; path = "ConventionalC-SharedTests.octest"; sourceTree = BUILT_PRODUCTS_DIR; };
		98FA879C175A4D73009B03C2 /* NSObject+ConventionalC.h */ = {isa = PBXFileReference; fileEncoding = 4; lastKnownFileType = sourcecode.c.h; path = "NSObject+ConventionalC.h"; sourceTree = "<group>"; };
		98FA879D175A4D73009B03C2 /* NSObject+ConventionalC.m */ = {isa = PBXFileReference; fileEncoding = 4; lastKnownFileType = sourcecode.c.objc; path = "NSObject+ConventionalC.m"; sourceTree = "<group>"; };
		98FA87A6175A5265009B03C2 /* NSObject_ConventionalC_SharedTests.m */ = {isa = PBXFileReference; fileEncoding = 4; lastKnownFileType = sourcecode.c.objc; path = NSObject_ConventionalC_SharedTests.m; sourceTree = "<group>"; };
		98FFE362175BF7C4005985FF /* NSArray+rubyish.h */ = {isa = PBXFileReference; fileEncoding = 4; lastKnownFileType = sourcecode.c.h; path = "NSArray+rubyish.h"; sourceTree = "<group>"; };
		98FFE363175BF7C4005985FF /* NSArray+rubyish.m */ = {isa = PBXFileReference; fileEncoding = 4; lastKnownFileType = sourcecode.c.objc; path = "NSArray+rubyish.m"; sourceTree = "<group>"; };
		98FFE364175BF7C4005985FF /* NSSet+rubyish.h */ = {isa = PBXFileReference; fileEncoding = 4; lastKnownFileType = sourcecode.c.h; path = "NSSet+rubyish.h"; sourceTree = "<group>"; };
		98FFE365175BF7C4005985FF /* NSSet+rubyish.m */ = {isa = PBXFileReference; fileEncoding = 4; lastKnownFileType = sourcecode.c.objc; path = "NSSet+rubyish.m"; sourceTree = "<group>"; };
		98FFE37B175BF80E005985FF /* NSArray_rubyish_SharedTests.m */ = {isa = PBXFileReference; fileEncoding = 4; lastKnownFileType = sourcecode.c.objc; path = NSArray_rubyish_SharedTests.m; sourceTree = "<group>"; };
		98FFE37D175BF80E005985FF /* NSSet_rubyish_SharedTests.m */ = {isa = PBXFileReference; fileEncoding = 4; lastKnownFileType = sourcecode.c.objc; path = NSSet_rubyish_SharedTests.m; sourceTree = "<group>"; };
/* End PBXFileReference section */

/* Begin PBXFrameworksBuildPhase section */
		981C62F116FCD858004E9A93 /* Frameworks */ = {
			isa = PBXFrameworksBuildPhase;
			buildActionMask = 2147483647;
			files = (
				981C62F516FCD858004E9A93 /* Foundation.framework in Frameworks */,
			);
			runOnlyForDeploymentPostprocessing = 0;
		};
		981C62FE16FCD858004E9A93 /* Frameworks */ = {
			isa = PBXFrameworksBuildPhase;
			buildActionMask = 2147483647;
			files = (
				981C630316FCD859004E9A93 /* SenTestingKit.framework in Frameworks */,
				981C630416FCD859004E9A93 /* UIKit.framework in Frameworks */,
				981C630516FCD859004E9A93 /* Foundation.framework in Frameworks */,
				981C630816FCD859004E9A93 /* libConventionalC-iOS.a in Frameworks */,
			);
			runOnlyForDeploymentPostprocessing = 0;
		};
		9852F8D71707928E007823DD /* Frameworks */ = {
			isa = PBXFrameworksBuildPhase;
			buildActionMask = 2147483647;
			files = (
				9852F8DB1707928E007823DD /* Cocoa.framework in Frameworks */,
			);
			runOnlyForDeploymentPostprocessing = 0;
		};
		9852F8E31707928E007823DD /* Frameworks */ = {
			isa = PBXFrameworksBuildPhase;
			buildActionMask = 2147483647;
			files = (
				9852F9221707D24F007823DD /* libConventionalC-Mac.a in Frameworks */,
				9852F91F1707D0CB007823DD /* Cocoa.framework in Frameworks */,
				9852F8E81707928E007823DD /* SenTestingKit.framework in Frameworks */,
			);
			runOnlyForDeploymentPostprocessing = 0;
		};
		986BB02E1703E34A00248441 /* Frameworks */ = {
			isa = PBXFrameworksBuildPhase;
			buildActionMask = 2147483647;
			files = (
				986BB0321703E34A00248441 /* Foundation.framework in Frameworks */,
			);
			runOnlyForDeploymentPostprocessing = 0;
		};
		986BB03B1703E34A00248441 /* Frameworks */ = {
			isa = PBXFrameworksBuildPhase;
			buildActionMask = 2147483647;
			files = (
				986BB0401703E34A00248441 /* SenTestingKit.framework in Frameworks */,
				986BB0411703E34A00248441 /* UIKit.framework in Frameworks */,
				986BB0421703E34A00248441 /* Foundation.framework in Frameworks */,
				986BB0451703E34A00248441 /* libConventionalC-Shared.a in Frameworks */,
			);
			runOnlyForDeploymentPostprocessing = 0;
		};
/* End PBXFrameworksBuildPhase section */

/* Begin PBXGroup section */
		981C626616FCD04F004E9A93 = {
			isa = PBXGroup;
			children = (
				9852F84517067BF2007823DD /* ios */,
				9852F8FC1707940E007823DD /* mac */,
				9852F86817068502007823DD /* shared */,
				981C627116FCD04F004E9A93 /* Frameworks */,
				981C627016FCD04F004E9A93 /* Products */,
				986BB025170241A100248441 /* ConventionalC.podspec */,
			);
			sourceTree = "<group>";
		};
		981C627016FCD04F004E9A93 /* Products */ = {
			isa = PBXGroup;
			children = (
				981C62F416FCD858004E9A93 /* libConventionalC-iOS.a */,
				981C630216FCD858004E9A93 /* ConventionalC-iOSTests.octest */,
				986BB0311703E34A00248441 /* libConventionalC-Shared.a */,
				986BB03F1703E34A00248441 /* ConventionalC-SharedTests.octest */,
				9852F8DA1707928E007823DD /* libConventionalC-Mac.a */,
				9852F8E71707928E007823DD /* ConventionalC-MacTests.octest */,
			);
			name = Products;
			sourceTree = "<group>";
		};
		981C627116FCD04F004E9A93 /* Frameworks */ = {
			isa = PBXGroup;
			children = (
				9852F91E1707D0CB007823DD /* Cocoa.framework */,
				981C627216FCD04F004E9A93 /* Foundation.framework */,
				981C628116FCD04F004E9A93 /* SenTestingKit.framework */,
				981C628316FCD04F004E9A93 /* UIKit.framework */,
				981C62CA16FCD84A004E9A93 /* Cocoa.framework */,
				981C62CC16FCD84A004E9A93 /* Other Frameworks */,
			);
			name = Frameworks;
			sourceTree = "<group>";
		};
		981C62CC16FCD84A004E9A93 /* Other Frameworks */ = {
			isa = PBXGroup;
			children = (
				981C62CD16FCD84A004E9A93 /* AppKit.framework */,
				981C62CE16FCD84A004E9A93 /* CoreData.framework */,
				981C62CF16FCD84A004E9A93 /* Foundation.framework */,
			);
			name = "Other Frameworks";
			sourceTree = "<group>";
		};
		9852F84517067BF2007823DD /* ios */ = {
			isa = PBXGroup;
			children = (
				9852F84717067BF2007823DD /* ConventionalC.h */,
				9852F84817067BF2007823DD /* ConventionalC.m */,
				9852F85117067BF2007823DD /* UIBarButtonItem+ConventionalC.h */,
				9852F85217067BF2007823DD /* UIBarButtonItem+ConventionalC.m */,
				9852F85317067BF2007823DD /* UIDevice+ConventionalC.h */,
				9852F85417067BF2007823DD /* UIDevice+ConventionalC.m */,
				9852F85517067BF2007823DD /* UIToolbar+ConventionalC.h */,
				9852F85617067BF2007823DD /* UIToolbar+ConventionalC.m */,
				9852F85717067BF2007823DD /* UIView+ConventionalC.h */,
				9852F85817067BF2007823DD /* UIView+ConventionalC.m */,
				9852F84917067BF2007823DD /* test */,
			);
			path = ios;
			sourceTree = "<group>";
		};
		9852F84917067BF2007823DD /* test */ = {
			isa = PBXGroup;
			children = (
				9852F84D17067BF2007823DD /* etc */,
			);
			path = test;
			sourceTree = "<group>";
		};
		9852F84D17067BF2007823DD /* etc */ = {
			isa = PBXGroup;
			children = (
				9852F84E17067BF2007823DD /* ConventionalC-iOSTests-Info.plist */,
				9852F84F17067BF2007823DD /* InfoPlist.strings */,
			);
			path = etc;
			sourceTree = "<group>";
		};
		9852F86817068502007823DD /* shared */ = {
			isa = PBXGroup;
			children = (
				9852F86A17068502007823DD /* ConventionalC_Shared.h */,
				9852F86B17068502007823DD /* ConventionalC_Shared.m */,
				9852F86C17068502007823DD /* NSArray+ConventionalC.h */,
				9852F86D17068502007823DD /* NSArray+ConventionalC.m */,
				98FFE362175BF7C4005985FF /* NSArray+rubyish.h */,
				98FFE363175BF7C4005985FF /* NSArray+rubyish.m */,
				9852F86E17068502007823DD /* NSBundle+ConventionalC.h */,
				9852F86F17068502007823DD /* NSBundle+ConventionalC.m */,
				9852F87017068502007823DD /* NSDate+ConventionalC.h */,
				9852F87117068502007823DD /* NSDate+ConventionalC.m */,
				981301F417891472002BA863 /* NSMutableArray+rubyish.h */,
				981301F517891472002BA863 /* NSMutableArray+rubyish.m */,
				98FA879C175A4D73009B03C2 /* NSObject+ConventionalC.h */,
				98FA879D175A4D73009B03C2 /* NSObject+ConventionalC.m */,
				98FFE364175BF7C4005985FF /* NSSet+rubyish.h */,
				98FFE365175BF7C4005985FF /* NSSet+rubyish.m */,
				98130208178B7A9D002BA863 /* NSString+rubyish.h */,
				98130209178B7A9D002BA863 /* NSString+rubyish.m */,
				9852F896170686AE007823DD /* test */,
			);
			path = shared;
			sourceTree = "<group>";
		};
		9852F896170686AE007823DD /* test */ = {
			isa = PBXGroup;
			children = (
				9852F89B170686AE007823DD /* NSArray_ConventionalC_SharedTests.m */,
				98FFE37B175BF80E005985FF /* NSArray_rubyish_SharedTests.m */,
				9852F89C170686AE007823DD /* NSBundle_ConventionalC_SharedTests.m */,
				9852F89D170686AE007823DD /* NSDate_ConventionalC_SharedTests.m */,
				981301FA1789149E002BA863 /* NSMutableArray_rubyish_SharedTests.m */,
				98FA87A6175A5265009B03C2 /* NSObject_ConventionalC_SharedTests.m */,
				98FFE37D175BF80E005985FF /* NSSet_rubyish_SharedTests.m */,
				98130204178B3C2F002BA863 /* NSString_rubyish_SharedTests.m */,
				9852F897170686AE007823DD /* etc */,
			);
			path = test;
			sourceTree = "<group>";
		};
		9852F897170686AE007823DD /* etc */ = {
			isa = PBXGroup;
			children = (
				9852F898170686AE007823DD /* ConventionalC-SharedTests-Info.plist */,
				9852F899170686AE007823DD /* InfoPlist.strings */,
			);
			path = etc;
			sourceTree = "<group>";
		};
		9852F8FC1707940E007823DD /* mac */ = {
			isa = PBXGroup;
			children = (
				9852F8FF1707940E007823DD /* ConventionalC.h */,
				9852F9001707940E007823DD /* ConventionalC.m */,
				9852F9031707940E007823DD /* test */,
			);
			path = mac;
			sourceTree = "<group>";
		};
		9852F9031707940E007823DD /* test */ = {
			isa = PBXGroup;
			children = (
				9852F90E17079478007823DD /* etc */,
			);
			path = test;
			sourceTree = "<group>";
		};
		9852F90E17079478007823DD /* etc */ = {
			isa = PBXGroup;
			children = (
				9852F90F17079478007823DD /* ConventionalC-MacTests-Info.plist */,
				9852F91017079478007823DD /* InfoPlist.strings */,
			);
			path = etc;
			sourceTree = "<group>";
		};
/* End PBXGroup section */

/* Begin PBXHeadersBuildPhase section */
		9852F8D81707928E007823DD /* Headers */ = {
			isa = PBXHeadersBuildPhase;
			buildActionMask = 2147483647;
			files = (
				9852F90A1707940E007823DD /* ConventionalC.h in Headers */,
				98FA879E175A4D73009B03C2 /* NSObject+ConventionalC.h in Headers */,
				98FFE36A175BF7C4005985FF /* NSArray+rubyish.h in Headers */,
				98FFE384175BFAD1005985FF /* NSSet+rubyish.h in Headers */,
				981301F617891472002BA863 /* NSMutableArray+rubyish.h in Headers */,
				9813020A178B7A9D002BA863 /* NSString+rubyish.h in Headers */,
			);
			runOnlyForDeploymentPostprocessing = 0;
		};
/* End PBXHeadersBuildPhase section */

/* Begin PBXNativeTarget section */
		981C62F316FCD858004E9A93 /* ConventionalC-iOS */ = {
			isa = PBXNativeTarget;
			buildConfigurationList = 981C631216FCD859004E9A93 /* Build configuration list for PBXNativeTarget "ConventionalC-iOS" */;
			buildPhases = (
				981C62F016FCD858004E9A93 /* Sources */,
				981C62F116FCD858004E9A93 /* Frameworks */,
				981C62F216FCD858004E9A93 /* CopyFiles */,
			);
			buildRules = (
			);
			dependencies = (
			);
			name = "ConventionalC-iOS";
			productName = "ConventionalC-iOS";
			productReference = 981C62F416FCD858004E9A93 /* libConventionalC-iOS.a */;
			productType = "com.apple.product-type.library.static";
		};
		981C630116FCD858004E9A93 /* ConventionalC-iOSTests */ = {
			isa = PBXNativeTarget;
			buildConfigurationList = 981C631516FCD859004E9A93 /* Build configuration list for PBXNativeTarget "ConventionalC-iOSTests" */;
			buildPhases = (
				981C62FD16FCD858004E9A93 /* Sources */,
				981C62FE16FCD858004E9A93 /* Frameworks */,
				981C62FF16FCD858004E9A93 /* Resources */,
				981C630016FCD858004E9A93 /* ShellScript */,
			);
			buildRules = (
			);
			dependencies = (
				981C630716FCD859004E9A93 /* PBXTargetDependency */,
			);
			name = "ConventionalC-iOSTests";
			productName = "ConventionalC-iOSTests";
			productReference = 981C630216FCD858004E9A93 /* ConventionalC-iOSTests.octest */;
			productType = "com.apple.product-type.bundle";
		};
		9852F8D91707928E007823DD /* ConventionalC-Mac */ = {
			isa = PBXNativeTarget;
			buildConfigurationList = 9852F8F61707928E007823DD /* Build configuration list for PBXNativeTarget "ConventionalC-Mac" */;
			buildPhases = (
				9852F8D61707928E007823DD /* Sources */,
				9852F8D71707928E007823DD /* Frameworks */,
				9852F8D81707928E007823DD /* Headers */,
			);
			buildRules = (
			);
			dependencies = (
			);
			name = "ConventionalC-Mac";
			productName = "ConventionalC-Mac";
			productReference = 9852F8DA1707928E007823DD /* libConventionalC-Mac.a */;
			productType = "com.apple.product-type.library.static";
		};
		9852F8E61707928E007823DD /* ConventionalC-MacTests */ = {
			isa = PBXNativeTarget;
			buildConfigurationList = 9852F8F91707928E007823DD /* Build configuration list for PBXNativeTarget "ConventionalC-MacTests" */;
			buildPhases = (
				9852F8E21707928E007823DD /* Sources */,
				9852F8E31707928E007823DD /* Frameworks */,
				9852F8E41707928E007823DD /* Resources */,
				9852F8E51707928E007823DD /* ShellScript */,
			);
			buildRules = (
			);
			dependencies = (
				9852F91D1707D0BD007823DD /* PBXTargetDependency */,
			);
			name = "ConventionalC-MacTests";
			productName = "ConventionalC-MacTests";
			productReference = 9852F8E71707928E007823DD /* ConventionalC-MacTests.octest */;
			productType = "com.apple.product-type.bundle";
		};
		986BB0301703E34A00248441 /* ConventionalC-Shared */ = {
			isa = PBXNativeTarget;
			buildConfigurationList = 986BB0531703E34A00248441 /* Build configuration list for PBXNativeTarget "ConventionalC-Shared" */;
			buildPhases = (
				986BB02D1703E34A00248441 /* Sources */,
				986BB02E1703E34A00248441 /* Frameworks */,
				986BB02F1703E34A00248441 /* CopyFiles */,
			);
			buildRules = (
			);
			dependencies = (
			);
			name = "ConventionalC-Shared";
			productName = "ConventionalC-Shared";
			productReference = 986BB0311703E34A00248441 /* libConventionalC-Shared.a */;
			productType = "com.apple.product-type.library.static";
		};
		986BB03E1703E34A00248441 /* ConventionalC-SharedTests */ = {
			isa = PBXNativeTarget;
			buildConfigurationList = 986BB0541703E34A00248441 /* Build configuration list for PBXNativeTarget "ConventionalC-SharedTests" */;
			buildPhases = (
				986BB03A1703E34A00248441 /* Sources */,
				986BB03B1703E34A00248441 /* Frameworks */,
				986BB03C1703E34A00248441 /* Resources */,
				986BB03D1703E34A00248441 /* ShellScript */,
			);
			buildRules = (
			);
			dependencies = (
				986BB0441703E34A00248441 /* PBXTargetDependency */,
			);
			name = "ConventionalC-SharedTests";
			productName = "ConventionalC-SharedTests";
			productReference = 986BB03F1703E34A00248441 /* ConventionalC-SharedTests.octest */;
			productType = "com.apple.product-type.bundle";
		};
/* End PBXNativeTarget section */

/* Begin PBXProject section */
		981C626716FCD04F004E9A93 /* Project object */ = {
			isa = PBXProject;
			attributes = {
				LastUpgradeCheck = 0460;
				ORGANIZATIONNAME = ConventionalC;
			};
			buildConfigurationList = 981C626A16FCD04F004E9A93 /* Build configuration list for PBXProject "ConventionalC" */;
			compatibilityVersion = "Xcode 3.2";
			developmentRegion = English;
			hasScannedForEncodings = 0;
			knownRegions = (
				en,
			);
			mainGroup = 981C626616FCD04F004E9A93;
			productRefGroup = 981C627016FCD04F004E9A93 /* Products */;
			projectDirPath = "";
			projectRoot = "";
			targets = (
				981C62F316FCD858004E9A93 /* ConventionalC-iOS */,
				981C630116FCD858004E9A93 /* ConventionalC-iOSTests */,
				9852F8D91707928E007823DD /* ConventionalC-Mac */,
				9852F8E61707928E007823DD /* ConventionalC-MacTests */,
				986BB0301703E34A00248441 /* ConventionalC-Shared */,
				986BB03E1703E34A00248441 /* ConventionalC-SharedTests */,
			);
		};
/* End PBXProject section */

/* Begin PBXResourcesBuildPhase section */
		981C62FF16FCD858004E9A93 /* Resources */ = {
			isa = PBXResourcesBuildPhase;
			buildActionMask = 2147483647;
			files = (
				9852F85E17067C2D007823DD /* InfoPlist.strings in Resources */,
				9852F89E170686AE007823DD /* ConventionalC-SharedTests-Info.plist in Resources */,
				9852F8A1170686AE007823DD /* InfoPlist.strings in Resources */,
			);
			runOnlyForDeploymentPostprocessing = 0;
		};
		9852F8E41707928E007823DD /* Resources */ = {
			isa = PBXResourcesBuildPhase;
			buildActionMask = 2147483647;
			files = (
				9852F91317079478007823DD /* InfoPlist.strings in Resources */,
			);
			runOnlyForDeploymentPostprocessing = 0;
		};
		986BB03C1703E34A00248441 /* Resources */ = {
			isa = PBXResourcesBuildPhase;
			buildActionMask = 2147483647;
			files = (
				9852F8A3170686AE007823DD /* InfoPlist.strings in Resources */,
			);
			runOnlyForDeploymentPostprocessing = 0;
		};
/* End PBXResourcesBuildPhase section */

/* Begin PBXShellScriptBuildPhase section */
		981C630016FCD858004E9A93 /* ShellScript */ = {
			isa = PBXShellScriptBuildPhase;
			buildActionMask = 2147483647;
			files = (
			);
			inputPaths = (
			);
			outputPaths = (
			);
			runOnlyForDeploymentPostprocessing = 0;
			shellPath = /bin/sh;
			shellScript = "# Run the unit tests in this test bundle.\n\"${SYSTEM_DEVELOPER_DIR}/Tools/RunUnitTests\"\n";
		};
		9852F8E51707928E007823DD /* ShellScript */ = {
			isa = PBXShellScriptBuildPhase;
			buildActionMask = 2147483647;
			files = (
			);
			inputPaths = (
			);
			outputPaths = (
			);
			runOnlyForDeploymentPostprocessing = 0;
			shellPath = /bin/sh;
			shellScript = "# Run the unit tests in this test bundle.\n\"${SYSTEM_DEVELOPER_DIR}/Tools/RunUnitTests\"\n";
		};
		986BB03D1703E34A00248441 /* ShellScript */ = {
			isa = PBXShellScriptBuildPhase;
			buildActionMask = 2147483647;
			files = (
			);
			inputPaths = (
			);
			outputPaths = (
			);
			runOnlyForDeploymentPostprocessing = 0;
			shellPath = /bin/sh;
			shellScript = "# Run the unit tests in this test bundle.\n\"${SYSTEM_DEVELOPER_DIR}/Tools/RunUnitTests\"\n";
		};
/* End PBXShellScriptBuildPhase section */

/* Begin PBXSourcesBuildPhase section */
		981C62F016FCD858004E9A93 /* Sources */ = {
			isa = PBXSourcesBuildPhase;
			buildActionMask = 2147483647;
			files = (
				9852F85917067BF2007823DD /* ConventionalC.m in Sources */,
				9852F85A17067BF2007823DD /* UIBarButtonItem+ConventionalC.m in Sources */,
				9852F85B17067BF2007823DD /* UIDevice+ConventionalC.m in Sources */,
				9852F85C17067BF2007823DD /* UIToolbar+ConventionalC.m in Sources */,
				9852F85D17067BF2007823DD /* UIView+ConventionalC.m in Sources */,
				9852F87917068502007823DD /* ConventionalC_Shared.m in Sources */,
				9852F87B17068502007823DD /* NSArray+ConventionalC.m in Sources */,
				9852F87D17068502007823DD /* NSBundle+ConventionalC.m in Sources */,
				9852F87F17068502007823DD /* NSDate+ConventionalC.m in Sources */,
				98FA879F175A4D73009B03C2 /* NSObject+ConventionalC.m in Sources */,
				98FFE36B175BF7C4005985FF /* NSArray+rubyish.m in Sources */,
				98FFE36F175BF7C4005985FF /* NSSet+rubyish.m in Sources */,
				981301F717891472002BA863 /* NSMutableArray+rubyish.m in Sources */,
				9813020B178B7A9D002BA863 /* NSString+rubyish.m in Sources */,
			);
			runOnlyForDeploymentPostprocessing = 0;
		};
		981C62FD16FCD858004E9A93 /* Sources */ = {
			isa = PBXSourcesBuildPhase;
			buildActionMask = 2147483647;
			files = (
				9852F8A4170686AE007823DD /* NSArray_ConventionalC_SharedTests.m in Sources */,
				9852F8A7170686AE007823DD /* NSBundle_ConventionalC_SharedTests.m in Sources */,
				9852F8AA170686AE007823DD /* NSDate_ConventionalC_SharedTests.m in Sources */,
				98FA87A7175A5265009B03C2 /* NSObject_ConventionalC_SharedTests.m in Sources */,
				98FFE37E175BF80E005985FF /* NSArray_rubyish_SharedTests.m in Sources */,
				98FFE381175BF80E005985FF /* NSSet_rubyish_SharedTests.m in Sources */,
				981301FE178914BE002BA863 /* NSMutableArray_rubyish_SharedTests.m in Sources */,
				98130205178B3C2F002BA863 /* NSString_rubyish_SharedTests.m in Sources */,
			);
			runOnlyForDeploymentPostprocessing = 0;
		};
		9852F8D61707928E007823DD /* Sources */ = {
			isa = PBXSourcesBuildPhase;
			buildActionMask = 2147483647;
			files = (
				9852F90B1707940E007823DD /* ConventionalC.m in Sources */,
				9852F9151707952F007823DD /* ConventionalC_Shared.m in Sources */,
				9852F91617079532007823DD /* NSArray+ConventionalC.m in Sources */,
				9852F91717079534007823DD /* NSBundle+ConventionalC.m in Sources */,
				9852F91817079537007823DD /* NSDate+ConventionalC.m in Sources */,
				98FA87A0175A4D73009B03C2 /* NSObject+ConventionalC.m in Sources */,
				98FFE36C175BF7C4005985FF /* NSArray+rubyish.m in Sources */,
				98FFE370175BF7C4005985FF /* NSSet+rubyish.m in Sources */,
				981301F817891472002BA863 /* NSMutableArray+rubyish.m in Sources */,
				9813020C178B7A9D002BA863 /* NSString+rubyish.m in Sources */,
			);
			runOnlyForDeploymentPostprocessing = 0;
		};
		9852F8E21707928E007823DD /* Sources */ = {
			isa = PBXSourcesBuildPhase;
			buildActionMask = 2147483647;
			files = (
				9852F9191707953E007823DD /* NSArray_ConventionalC_SharedTests.m in Sources */,
				9852F91A17079542007823DD /* NSBundle_ConventionalC_SharedTests.m in Sources */,
				9852F91B17079545007823DD /* NSDate_ConventionalC_SharedTests.m in Sources */,
				98FA87A8175A5265009B03C2 /* NSObject_ConventionalC_SharedTests.m in Sources */,
				98FFE37F175BF80E005985FF /* NSArray_rubyish_SharedTests.m in Sources */,
				98FFE382175BF80E005985FF /* NSSet_rubyish_SharedTests.m in Sources */,
				981301FF178914BF002BA863 /* NSMutableArray_rubyish_SharedTests.m in Sources */,
				98130206178B3C42002BA863 /* NSString_rubyish_SharedTests.m in Sources */,
			);
			runOnlyForDeploymentPostprocessing = 0;
		};
		986BB02D1703E34A00248441 /* Sources */ = {
			isa = PBXSourcesBuildPhase;
			buildActionMask = 2147483647;
			files = (
				9852F87A17068502007823DD /* ConventionalC_Shared.m in Sources */,
				9852F87C17068502007823DD /* NSArray+ConventionalC.m in Sources */,
				9852F87E17068502007823DD /* NSBundle+ConventionalC.m in Sources */,
				9852F88017068502007823DD /* NSDate+ConventionalC.m in Sources */,
				98FA87A1175A4D73009B03C2 /* NSObject+ConventionalC.m in Sources */,
				98FFE36D175BF7C4005985FF /* NSArray+rubyish.m in Sources */,
				98FFE371175BF7C4005985FF /* NSSet+rubyish.m in Sources */,
				981301F917891472002BA863 /* NSMutableArray+rubyish.m in Sources */,
				9813020D178B7A9D002BA863 /* NSString+rubyish.m in Sources */,
			);
			runOnlyForDeploymentPostprocessing = 0;
		};
		986BB03A1703E34A00248441 /* Sources */ = {
			isa = PBXSourcesBuildPhase;
			buildActionMask = 2147483647;
			files = (
				9852F8A6170686AE007823DD /* NSArray_ConventionalC_SharedTests.m in Sources */,
				9852F8A9170686AE007823DD /* NSBundle_ConventionalC_SharedTests.m in Sources */,
				9852F8AC170686AE007823DD /* NSDate_ConventionalC_SharedTests.m in Sources */,
				98FA87A9175A5265009B03C2 /* NSObject_ConventionalC_SharedTests.m in Sources */,
				98FFE380175BF80E005985FF /* NSArray_rubyish_SharedTests.m in Sources */,
				98FFE383175BF80E005985FF /* NSSet_rubyish_SharedTests.m in Sources */,
				98130200178914C1002BA863 /* NSMutableArray_rubyish_SharedTests.m in Sources */,
				98130207178B3C42002BA863 /* NSString_rubyish_SharedTests.m in Sources */,
			);
			runOnlyForDeploymentPostprocessing = 0;
		};
/* End PBXSourcesBuildPhase section */

/* Begin PBXTargetDependency section */
		981C630716FCD859004E9A93 /* PBXTargetDependency */ = {
			isa = PBXTargetDependency;
			target = 981C62F316FCD858004E9A93 /* ConventionalC-iOS */;
			targetProxy = 981C630616FCD859004E9A93 /* PBXContainerItemProxy */;
		};
		9852F91D1707D0BD007823DD /* PBXTargetDependency */ = {
			isa = PBXTargetDependency;
			target = 9852F8D91707928E007823DD /* ConventionalC-Mac */;
			targetProxy = 9852F91C1707D0BD007823DD /* PBXContainerItemProxy */;
		};
		986BB0441703E34A00248441 /* PBXTargetDependency */ = {
			isa = PBXTargetDependency;
			target = 986BB0301703E34A00248441 /* ConventionalC-Shared */;
			targetProxy = 986BB0431703E34A00248441 /* PBXContainerItemProxy */;
		};
/* End PBXTargetDependency section */

/* Begin PBXVariantGroup section */
		9852F84F17067BF2007823DD /* InfoPlist.strings */ = {
			isa = PBXVariantGroup;
			children = (
				9852F85017067BF2007823DD /* en */,
			);
			name = InfoPlist.strings;
			sourceTree = "<group>";
		};
		9852F899170686AE007823DD /* InfoPlist.strings */ = {
			isa = PBXVariantGroup;
			children = (
				9852F89A170686AE007823DD /* en */,
			);
			name = InfoPlist.strings;
			sourceTree = "<group>";
		};
		9852F91017079478007823DD /* InfoPlist.strings */ = {
			isa = PBXVariantGroup;
			children = (
				9852F91117079478007823DD /* en */,
			);
			name = InfoPlist.strings;
			sourceTree = "<group>";
		};
/* End PBXVariantGroup section */

/* Begin XCBuildConfiguration section */
		981C629216FCD04F004E9A93 /* Debug */ = {
			isa = XCBuildConfiguration;
			buildSettings = {
				ALWAYS_SEARCH_USER_PATHS = NO;
				CLANG_CXX_LANGUAGE_STANDARD = "gnu++0x";
				CLANG_CXX_LIBRARY = "libc++";
				CLANG_ENABLE_OBJC_ARC = YES;
				CLANG_WARN_CONSTANT_CONVERSION = YES;
				CLANG_WARN_EMPTY_BODY = YES;
				CLANG_WARN_ENUM_CONVERSION = YES;
				CLANG_WARN_INT_CONVERSION = YES;
				CLANG_WARN__DUPLICATE_METHOD_MATCH = YES;
				COPY_PHASE_STRIP = NO;
				GCC_C_LANGUAGE_STANDARD = gnu99;
				GCC_DYNAMIC_NO_PIC = NO;
				GCC_OPTIMIZATION_LEVEL = 0;
				GCC_PREPROCESSOR_DEFINITIONS = (
					"DEBUG=1",
					"$(inherited)",
				);
				GCC_SYMBOLS_PRIVATE_EXTERN = NO;
				GCC_WARN_ABOUT_RETURN_TYPE = YES;
				GCC_WARN_UNINITIALIZED_AUTOS = YES;
				GCC_WARN_UNUSED_VARIABLE = YES;
				IPHONEOS_DEPLOYMENT_TARGET = 6.1;
				ONLY_ACTIVE_ARCH = YES;
				SDKROOT = iphoneos;
			};
			name = Debug;
		};
		981C629316FCD04F004E9A93 /* Release */ = {
			isa = XCBuildConfiguration;
			buildSettings = {
				ALWAYS_SEARCH_USER_PATHS = NO;
				CLANG_CXX_LANGUAGE_STANDARD = "gnu++0x";
				CLANG_CXX_LIBRARY = "libc++";
				CLANG_ENABLE_OBJC_ARC = YES;
				CLANG_WARN_CONSTANT_CONVERSION = YES;
				CLANG_WARN_EMPTY_BODY = YES;
				CLANG_WARN_ENUM_CONVERSION = YES;
				CLANG_WARN_INT_CONVERSION = YES;
				CLANG_WARN__DUPLICATE_METHOD_MATCH = YES;
				COPY_PHASE_STRIP = YES;
				GCC_C_LANGUAGE_STANDARD = gnu99;
				GCC_WARN_ABOUT_RETURN_TYPE = YES;
				GCC_WARN_UNINITIALIZED_AUTOS = YES;
				GCC_WARN_UNUSED_VARIABLE = YES;
				IPHONEOS_DEPLOYMENT_TARGET = 6.1;
				SDKROOT = iphoneos;
				VALIDATE_PRODUCT = YES;
			};
			name = Release;
		};
		981C631316FCD859004E9A93 /* Debug */ = {
			isa = XCBuildConfiguration;
			buildSettings = {
				DSTROOT = /tmp/ConventionalC_iOS.dst;
				GCC_PRECOMPILE_PREFIX_HEADER = YES;
				GCC_PREFIX_HEADER = "";
				ONLY_ACTIVE_ARCH = NO;
				OTHER_LDFLAGS = "";
				PRODUCT_NAME = "$(TARGET_NAME)";
				SKIP_INSTALL = YES;
				VALID_ARCHS = "armv7 armv7s i386";
			};
			name = Debug;
		};
		981C631416FCD859004E9A93 /* Release */ = {
			isa = XCBuildConfiguration;
			buildSettings = {
				DSTROOT = /tmp/ConventionalC_iOS.dst;
				GCC_PRECOMPILE_PREFIX_HEADER = YES;
				GCC_PREFIX_HEADER = "";
				ONLY_ACTIVE_ARCH = NO;
				OTHER_LDFLAGS = "";
				PRODUCT_NAME = "$(TARGET_NAME)";
				SKIP_INSTALL = YES;
				VALID_ARCHS = "armv7 armv7s i386";
			};
			name = Release;
		};
		981C631616FCD859004E9A93 /* Debug */ = {
			isa = XCBuildConfiguration;
			buildSettings = {
				FRAMEWORK_SEARCH_PATHS = (
					"\"$(SDKROOT)/Developer/Library/Frameworks\"",
					"\"$(DEVELOPER_LIBRARY_DIR)/Frameworks\"",
				);
				GCC_PRECOMPILE_PREFIX_HEADER = YES;
				GCC_PREFIX_HEADER = "";
				INFOPLIST_FILE = "ios/test/etc/ConventionalC-iOSTests-Info.plist";
				ONLY_ACTIVE_ARCH = NO;
				OTHER_LDFLAGS = "-ObjC";
				PRODUCT_NAME = "$(TARGET_NAME)";
				WRAPPER_EXTENSION = octest;
			};
			name = Debug;
		};
		981C631716FCD859004E9A93 /* Release */ = {
			isa = XCBuildConfiguration;
			buildSettings = {
				FRAMEWORK_SEARCH_PATHS = (
					"\"$(SDKROOT)/Developer/Library/Frameworks\"",
					"\"$(DEVELOPER_LIBRARY_DIR)/Frameworks\"",
				);
				GCC_PRECOMPILE_PREFIX_HEADER = YES;
				GCC_PREFIX_HEADER = "";
				INFOPLIST_FILE = "ios/test/etc/ConventionalC-iOSTests-Info.plist";
				ONLY_ACTIVE_ARCH = NO;
				OTHER_LDFLAGS = "-ObjC";
				PRODUCT_NAME = "$(TARGET_NAME)";
				WRAPPER_EXTENSION = octest;
			};
			name = Release;
		};
		9852F8F71707928E007823DD /* Debug */ = {
			isa = XCBuildConfiguration;
			buildSettings = {
				ARCHS = "$(ARCHS_STANDARD_64_BIT)";
				FRAMEWORK_SEARCH_PATHS = (
					"$(inherited)",
					"\"$(SYSTEM_APPS_DIR)/Xcode.app/Contents/Developer/Library/Frameworks\"",
				);
				GCC_ENABLE_OBJC_EXCEPTIONS = YES;
				GCC_PRECOMPILE_PREFIX_HEADER = YES;
				GCC_PREFIX_HEADER = "";
				GCC_WARN_64_TO_32_BIT_CONVERSION = YES;
				MACOSX_DEPLOYMENT_TARGET = 10.8;
				ONLY_ACTIVE_ARCH = YES;
				PRODUCT_NAME = "$(TARGET_NAME)";
				SDKROOT = macosx;
				VALID_ARCHS = "$(ARCHS_STANDARD_32_64_BIT)";
			};
			name = Debug;
		};
		9852F8F81707928E007823DD /* Release */ = {
			isa = XCBuildConfiguration;
			buildSettings = {
				ARCHS = "$(ARCHS_STANDARD_64_BIT)";
				DEBUG_INFORMATION_FORMAT = "dwarf-with-dsym";
				FRAMEWORK_SEARCH_PATHS = (
					"$(inherited)",
					"\"$(SYSTEM_APPS_DIR)/Xcode.app/Contents/Developer/Library/Frameworks\"",
				);
				GCC_ENABLE_OBJC_EXCEPTIONS = YES;
				GCC_PRECOMPILE_PREFIX_HEADER = YES;
				GCC_PREFIX_HEADER = "";
				GCC_WARN_64_TO_32_BIT_CONVERSION = YES;
				MACOSX_DEPLOYMENT_TARGET = 10.8;
				ONLY_ACTIVE_ARCH = YES;
				PRODUCT_NAME = "$(TARGET_NAME)";
				SDKROOT = macosx;
				VALID_ARCHS = "$(ARCHS_STANDARD_32_64_BIT)";
			};
			name = Release;
		};
		9852F8FA1707928E007823DD /* Debug */ = {
			isa = XCBuildConfiguration;
			buildSettings = {
				ARCHS = "$(ARCHS_STANDARD_64_BIT)";
				COMBINE_HIDPI_IMAGES = YES;
				FRAMEWORK_SEARCH_PATHS = "\"$(DEVELOPER_LIBRARY_DIR)/Frameworks\"";
				GCC_ENABLE_OBJC_EXCEPTIONS = YES;
				GCC_PRECOMPILE_PREFIX_HEADER = YES;
				GCC_PREFIX_HEADER = "";
				GCC_WARN_64_TO_32_BIT_CONVERSION = YES;
				INFOPLIST_FILE = "mac/test/etc/ConventionalC-MacTests-Info.plist";
				MACOSX_DEPLOYMENT_TARGET = 10.8;
				ONLY_ACTIVE_ARCH = YES;
				OTHER_LDFLAGS = "-ObjC";
				PRODUCT_NAME = "$(TARGET_NAME)";
				SDKROOT = macosx;
				WRAPPER_EXTENSION = octest;
			};
			name = Debug;
		};
		9852F8FB1707928E007823DD /* Release */ = {
			isa = XCBuildConfiguration;
			buildSettings = {
				ARCHS = "$(ARCHS_STANDARD_64_BIT)";
				COMBINE_HIDPI_IMAGES = YES;
				DEBUG_INFORMATION_FORMAT = "dwarf-with-dsym";
				FRAMEWORK_SEARCH_PATHS = "\"$(DEVELOPER_LIBRARY_DIR)/Frameworks\"";
				GCC_ENABLE_OBJC_EXCEPTIONS = YES;
				GCC_PRECOMPILE_PREFIX_HEADER = YES;
				GCC_PREFIX_HEADER = "";
				GCC_WARN_64_TO_32_BIT_CONVERSION = YES;
				INFOPLIST_FILE = "mac/test/etc/ConventionalC-MacTests-Info.plist";
				MACOSX_DEPLOYMENT_TARGET = 10.8;
				ONLY_ACTIVE_ARCH = YES;
				OTHER_LDFLAGS = "-ObjC";
				PRODUCT_NAME = "$(TARGET_NAME)";
				SDKROOT = macosx;
				WRAPPER_EXTENSION = octest;
			};
			name = Release;
		};
		986BB04F1703E34A00248441 /* Debug */ = {
			isa = XCBuildConfiguration;
			buildSettings = {
				ARCHS = "$(ARCHS_STANDARD_32_BIT)";
				DSTROOT = /tmp/ConventionalC_Shared.dst;
				GCC_PRECOMPILE_PREFIX_HEADER = YES;
				GCC_PREFIX_HEADER = "";
				ONLY_ACTIVE_ARCH = NO;
				OTHER_LDFLAGS = "";
				PRODUCT_NAME = "$(TARGET_NAME)";
				SKIP_INSTALL = YES;
				VALID_ARCHS = "armv7 armv7s i386";
			};
			name = Debug;
		};
		986BB0501703E34A00248441 /* Release */ = {
			isa = XCBuildConfiguration;
			buildSettings = {
				ARCHS = "$(ARCHS_STANDARD_32_BIT)";
				DSTROOT = /tmp/ConventionalC_Shared.dst;
				GCC_PRECOMPILE_PREFIX_HEADER = YES;
				GCC_PREFIX_HEADER = "";
				OTHER_LDFLAGS = "";
				PRODUCT_NAME = "$(TARGET_NAME)";
				SKIP_INSTALL = YES;
				VALID_ARCHS = "armv7 armv7s i386";
			};
			name = Release;
		};
		986BB0511703E34A00248441 /* Debug */ = {
			isa = XCBuildConfiguration;
			buildSettings = {
				FRAMEWORK_SEARCH_PATHS = (
					"\"$(SDKROOT)/Developer/Library/Frameworks\"",
					"\"$(DEVELOPER_LIBRARY_DIR)/Frameworks\"",
				);
				GCC_PRECOMPILE_PREFIX_HEADER = YES;
				INFOPLIST_FILE = "shared/test/etc/ConventionalC-SharedTests-Info.plist";
				ONLY_ACTIVE_ARCH = NO;
				OTHER_LDFLAGS = "-ObjC";
				PRODUCT_NAME = "$(TARGET_NAME)";
				WRAPPER_EXTENSION = octest;
			};
			name = Debug;
		};
		986BB0521703E34A00248441 /* Release */ = {
			isa = XCBuildConfiguration;
			buildSettings = {
				FRAMEWORK_SEARCH_PATHS = (
					"\"$(SDKROOT)/Developer/Library/Frameworks\"",
					"\"$(DEVELOPER_LIBRARY_DIR)/Frameworks\"",
				);
				GCC_PRECOMPILE_PREFIX_HEADER = YES;
				INFOPLIST_FILE = "shared/test/etc/ConventionalC-SharedTests-Info.plist";
				ONLY_ACTIVE_ARCH = NO;
				OTHER_LDFLAGS = "-ObjC";
				PRODUCT_NAME = "$(TARGET_NAME)";
				WRAPPER_EXTENSION = octest;
			};
			name = Release;
		};
/* End XCBuildConfiguration section */

/* Begin XCConfigurationList section */
		981C626A16FCD04F004E9A93 /* Build configuration list for PBXProject "ConventionalC" */ = {
			isa = XCConfigurationList;
			buildConfigurations = (
				981C629216FCD04F004E9A93 /* Debug */,
				981C629316FCD04F004E9A93 /* Release */,
			);
			defaultConfigurationIsVisible = 0;
			defaultConfigurationName = Release;
		};
		981C631216FCD859004E9A93 /* Build configuration list for PBXNativeTarget "ConventionalC-iOS" */ = {
			isa = XCConfigurationList;
			buildConfigurations = (
				981C631316FCD859004E9A93 /* Debug */,
				981C631416FCD859004E9A93 /* Release */,
			);
			defaultConfigurationIsVisible = 0;
			defaultConfigurationName = Release;
		};
		981C631516FCD859004E9A93 /* Build configuration list for PBXNativeTarget "ConventionalC-iOSTests" */ = {
			isa = XCConfigurationList;
			buildConfigurations = (
				981C631616FCD859004E9A93 /* Debug */,
				981C631716FCD859004E9A93 /* Release */,
			);
			defaultConfigurationIsVisible = 0;
			defaultConfigurationName = Release;
		};
		9852F8F61707928E007823DD /* Build configuration list for PBXNativeTarget "ConventionalC-Mac" */ = {
			isa = XCConfigurationList;
			buildConfigurations = (
				9852F8F71707928E007823DD /* Debug */,
				9852F8F81707928E007823DD /* Release */,
			);
			defaultConfigurationIsVisible = 0;
			defaultConfigurationName = Release;
		};
		9852F8F91707928E007823DD /* Build configuration list for PBXNativeTarget "ConventionalC-MacTests" */ = {
			isa = XCConfigurationList;
			buildConfigurations = (
				9852F8FA1707928E007823DD /* Debug */,
				9852F8FB1707928E007823DD /* Release */,
			);
			defaultConfigurationIsVisible = 0;
			defaultConfigurationName = Release;
		};
		986BB0531703E34A00248441 /* Build configuration list for PBXNativeTarget "ConventionalC-Shared" */ = {
			isa = XCConfigurationList;
			buildConfigurations = (
				986BB04F1703E34A00248441 /* Debug */,
				986BB0501703E34A00248441 /* Release */,
			);
			defaultConfigurationIsVisible = 0;
			defaultConfigurationName = Release;
		};
		986BB0541703E34A00248441 /* Build configuration list for PBXNativeTarget "ConventionalC-SharedTests" */ = {
			isa = XCConfigurationList;
			buildConfigurations = (
				986BB0511703E34A00248441 /* Debug */,
				986BB0521703E34A00248441 /* Release */,
			);
			defaultConfigurationIsVisible = 0;
			defaultConfigurationName = Release;
		};
/* End XCConfigurationList section */
	};
	rootObject = 981C626716FCD04F004E9A93 /* Project object */;
}
